
Microsoft Visual Studio Solution File, Format Version 12.00
# Visual Studio Version 17
VisualStudioVersion = 17.9.34723.18
MinimumVisualStudioVersion = 10.0.40219.1
Project("{FAE04EC0-301F-11D3-BF4B-00C04F79EFBC}") = "xServerLog", "xServerLog.csproj", "{4256BCE7-E53C-4E8E-B579-4F7914625D54}"
EndProject
Global
	GlobalSection(SolutionConfigurationPlatforms) = preSolution
		Debug|Any CPU = Debug|Any CPU
		Debug|x64 = Debug|x64
		Release|Any CPU = Release|Any CPU
		Release|x64 = Release|x64
	EndGlobalSection
	GlobalSection(ProjectConfigurationPlatforms) = postSolution
		{4256BCE7-E53C-4E8E-B579-4F7914625D54}.Debug|Any CPU.ActiveCfg = Debug|Any CPU
		{4256BCE7-E53C-4E8E-B579-4F7914625D54}.Debug|Any CPU.Build.0 = Debug|Any CPU
		{4256BCE7-E53C-4E8E-B579-4F7914625D54}.Debug|x64.ActiveCfg = Debug|x64
		{4256BCE7-E53C-4E8E-B579-4F7914625D54}.Debug|x64.Build.0 = Debug|x64
		{4256BCE7-E53C-4E8E-B579-4F7914625D54}.Release|Any CPU.ActiveCfg = Release|Any CPU
		{4256BCE7-E53C-4E8E-B579-4F7914625D54}.Release|Any CPU.Build.0 = Release|Any CPU
		{4256BCE7-E53C-4E8E-B579-4F7914625D54}.Release|x64.ActiveCfg = Release|x64
		{4256BCE7-E53C-4E8E-B579-4F7914625D54}.Release|x64.Build.0 = Release|x64
	EndGlobalSection
	GlobalSection(SolutionProperties) = preSolution
		HideSolutionNode = FALSE
	EndGlobalSection
	GlobalSection(ExtensibilityGlobals) = postSolution
		SolutionGuid = {9F511346-B0B1-462E-BE2C-A595D0D8FE39}
	EndGlobalSection
EndGlobal
